
Microsoft Visual Studio Solution File, Format Version 12.00
# Visual Studio Version 17
VisualStudioVersion = 17.3.32922.545
MinimumVisualStudioVersion = 10.0.40219.1
Project("{FAE04EC0-301F-11D3-BF4B-00C04F79EFBC}") = "CinemovieWebsite", "CinemovieWebsite\CinemovieWebsite.csproj", "{9CE88091-E5E1-422F-94EC-22F3BA069243}"
EndProject
Global
	GlobalSection(SolutionConfigurationPlatforms) = preSolution
		Debug|Any CPU = Debug|Any CPU
		Release|Any CPU = Release|Any CPU
	EndGlobalSection
	GlobalSection(ProjectConfigurationPlatforms) = postSolution
		{9CE88091-E5E1-422F-94EC-22F3BA069243}.Debug|Any CPU.ActiveCfg = Debug|Any CPU
		{9CE88091-E5E1-422F-94EC-22F3BA069243}.Debug|Any CPU.Build.0 = Debug|Any CPU
		{9CE88091-E5E1-422F-94EC-22F3BA069243}.Release|Any CPU.ActiveCfg = Release|Any CPU
		{9CE88091-E5E1-422F-94EC-22F3BA069243}.Release|Any CPU.Build.0 = Release|Any CPU
	EndGlobalSection
	GlobalSection(SolutionProperties) = preSolution
		HideSolutionNode = FALSE
	EndGlobalSection
	GlobalSection(ExtensibilityGlobals) = postSolution
		SolutionGuid = {D3560DF7-D26B-4075-9E6F-805B99F948C0}
	EndGlobalSection
EndGlobal
